<?xml version="1.0" encoding="UTF-8" standalone="yes" ?>
<CodeBlocks_project_file>
	<FileVersion major="1" minor="6" />
	<Project>
		<Option title="TopDownShooter" />
		<Option pch_mode="2" />
		<Option compiler="gcc" />
		<Build>
			<Target title="Debug">
				<Option output="bin/Debug/TopDownShooter" prefix_auto="1" extension_auto="1" />
				<Option object_output="obj/Debug/" />
				<Option type="0" />
				<Option compiler="gcc" />
				<Compiler>
					<Add option="-g" />
					<Add directory="include" />
				</Compiler>
			</Target>
			<Target title="Release">
				<Option output="bin/Release/TopDownShooter" prefix_auto="1" extension_auto="1" />
				<Option object_output="obj/Release/" />
				<Option type="0" />
				<Option compiler="gcc" />
				<Compiler>
					<Add option="-O2" />
					<Add directory="include" />
				</Compiler>
				<Linker>
					<Add option="-s" />
				</Linker>
			</Target>
		</Build>
		<Compiler>
			<Add option="-Wall" />
			<Add option="-fexceptions" />
			<Add directory="C:/SFML-2.6.2/include" />
		</Compiler>
		<Linker>
			<Add option="-lsfml-graphics" />
			<Add option="-lsfml-window" />
			<Add option="-lsfml-system" />
			<Add option="-lsfml-audio" />
			<Add option="-static-libgcc" />
			<Add option="-static-libstdc++" />
			<Add directory="C:/SFML-2.6.2/lib" />
		</Linker>
		<Unit filename="include/Bullet.h" />
		<Unit filename="include/Enemy.h" />
		<Unit filename="include/Loot.h" />
		<Unit filename="include/Player.h" />
		<Unit filename="include/WaveManager.h" />
		<Unit filename="main.cpp" />
		<Unit filename="src/Bullet.cpp" />
		<Unit filename="src/Enemy.cpp" />
		<Unit filename="src/Loot.cpp" />
		<Unit filename="src/Player.cpp" />
		<Unit filename="src/WaveManager.cpp" />
		<Extensions>
			<lib_finder disable_auto="1" />
		</Extensions>
	</Project>
</CodeBlocks_project_file>
